# THIS IS AN AUTOGENERATED FILE. DO NOT EDIT THIS FILE DIRECTLY.
# yarn lockfile v1


typeface-courier-prime@^1.1.13:
  version "1.1.13"
  resolved "https://registry.yarnpkg.com/typeface-courier-prime/-/typeface-courier-prime-1.1.13.tgz#bce0847c2cb16552877e864ed16dd03453ee0f6c"
  integrity sha512-wEqOGewmZZNyD3yv3046pvsiUV10ntRoTseLc+8EIf2G7mcwpf293HJi0rm5+iNp5CEyQmp2eTZ3l4O2XhrrWg==
